
Microsoft Visual Studio Solution File, Format Version 12.00
# Visual Studio Version 16
VisualStudioVersion = 16.0.28803.202
MinimumVisualStudioVersion = 10.0.40219.1
Project("{9A19103F-16F7-4668-BE54-9A1E7A4F7556}") = "ShopMag", "ShopMag\ShopMag.csproj", "{F8FDD49A-A480-4B8D-B618-86E2CD5B130E}"
EndProject
Global
	GlobalSection(SolutionConfigurationPlatforms) = preSolution
		Debug|Any CPU = Debug|Any CPU
		Release|Any CPU = Release|Any CPU
	EndGlobalSection
	GlobalSection(ProjectConfigurationPlatforms) = postSolution
		{F8FDD49A-A480-4B8D-B618-86E2CD5B130E}.Debug|Any CPU.ActiveCfg = Debug|Any CPU
		{F8FDD49A-A480-4B8D-B618-86E2CD5B130E}.Debug|Any CPU.Build.0 = Debug|Any CPU
		{F8FDD49A-A480-4B8D-B618-86E2CD5B130E}.Release|Any CPU.ActiveCfg = Release|Any CPU
		{F8FDD49A-A480-4B8D-B618-86E2CD5B130E}.Release|Any CPU.Build.0 = Release|Any CPU
	EndGlobalSection
	GlobalSection(SolutionProperties) = preSolution
		HideSolutionNode = FALSE
	EndGlobalSection
	GlobalSection(ExtensibilityGlobals) = postSolution
		SolutionGuid = {37D4BB9E-B114-4A8A-B9E2-62F581564F34}
	EndGlobalSection
EndGlobal
